<?xml version="1.0" encoding="UTF-8"?>
<Scheme LastUpgradeVersion = "2660" version = "1.7">
   <BuildAction parallelizeBuildables = "YES" buildImplicitDependencies = "YES">
      <BuildActionEntries>
         <BuildActionEntry buildForTesting = "YES" buildForRunning = "YES" buildForProfiling = "YES" buildForArchiving = "YES" buildForAnalyzing = "YES">
            <BuildableReference
               BuildableIdentifier = "primary"
               BlueprintIdentifier = "5U0000000000000000000004"
               BuildableName = "Sunspot.app"
               BlueprintName = "Sunspot"
               ReferencedContainer = "container:Sunspot.xcodeproj">
            </BuildableReference>
         </BuildActionEntry>
      </BuildActionEntries>
   </BuildAction>
   <TestAction buildConfiguration = "Debug" selectedDebuggerIdentifier = "Xcode.DebuggerFoundation.Debugger.LLDB" selectedLauncherIdentifier = "Xcode.DebuggerFoundation.Launcher.LLDB" shouldUseLaunchSchemeArgsEnv = "YES">
      <Testables>
         <TestableReference skipped = "NO">
            <BuildableReference
               BuildableIdentifier = "primary"
               BlueprintIdentifier = "5U0000000000000000000005"
               BuildableName = "SunspotTests.xctest"
               BlueprintName = "SunspotTests"
               ReferencedContainer = "container:Sunspot.xcodeproj">
            </BuildableReference>
         </TestableReference>
      </Testables>
   </TestAction>
   <LaunchAction buildConfiguration = "Debug" selectedDebuggerIdentifier = "Xcode.DebuggerFoundation.Debugger.LLDB" selectedLauncherIdentifier = "Xcode.DebuggerFoundation.Launcher.LLDB" launchStyle = "0" useCustomWorkingDirectory = "NO" ignoresPersistentStateOnLaunch = "NO" debugDocumentVersioning = "YES" debugServiceExtension = "internal" allowLocationSimulation = "YES">
      <BuildableProductRunnable runnableDebuggingMode = "0">
         <BuildableReference
            BuildableIdentifier = "primary"
            BlueprintIdentifier = "5U0000000000000000000004"
            BuildableName = "Sunspot.app"
            BlueprintName = "Sunspot"
            ReferencedContainer = "container:Sunspot.xcodeproj">
         </BuildableReference>
      </BuildableProductRunnable>
      <!-- The path here is right, and was right the first time. Xcode still will not use it
           until somebody picks the configuration once by hand in Edit Scheme, after which it
           remembers. So after regenerating this file: run the app, and if the paywall says it
           cannot reach the store, open Product > Scheme > Edit Scheme > Run > Options and
           choose Sunspot.storekit. It is a one-click, one-time thing per checkout, not a
           broken path. Tools/check.sh asserts the file this names is actually on disk. -->
      <StoreKitConfigurationFileReference
         identifier = "../../Config/Sunspot.storekit">
      </StoreKitConfigurationFileReference>
   </LaunchAction>
   <ProfileAction buildConfiguration = "Release" shouldUseLaunchSchemeArgsEnv = "YES" savedToolIdentifier = "" useCustomWorkingDirectory = "NO" debugDocumentVersioning = "YES">
      <BuildableProductRunnable runnableDebuggingMode = "0">
         <BuildableReference
            BuildableIdentifier = "primary"
            BlueprintIdentifier = "5U0000000000000000000004"
            BuildableName = "Sunspot.app"
            BlueprintName = "Sunspot"
            ReferencedContainer = "container:Sunspot.xcodeproj">
         </BuildableReference>
      </BuildableProductRunnable>
   </ProfileAction>
   <AnalyzeAction buildConfiguration = "Debug"></AnalyzeAction>
   <ArchiveAction buildConfiguration = "Release" revealArchiveInOrganizer = "YES"></ArchiveAction>
</Scheme>
